// !$*UTF8*$!
{
	archiveVersion = 1;
	classes = {
	};
	objectVersion = 55;
	objects = {

/* Begin PBXBuildFile section */
		365C85D226CAF2C200E37E86 /* CustomCell.swift in Sources */ = {isa = PBXBuildFile; fileRef = 365C85D126CAF2C200E37E86 /* CustomCell.swift */; };
		365C85D626CB1C1F00E37E86 /* PostsStruct.swift in Sources */ = {isa = PBXBuildFile; fileRef = 365C85D526CB1C1F00E37E86 /* PostsStruct.swift */; };
		365C85D826CB1E6000E37E86 /* FetchToDo.swift in Sources */ = {isa = PBXBuildFile; fileRef = 365C85D726CB1E6000E37E86 /* FetchToDo.swift */; };
		365C85DA26CB1E9800E37E86 /* TodoStruct.swift in Sources */ = {isa = PBXBuildFile; fileRef = 365C85D926CB1E9800E37E86 /* TodoStruct.swift */; };
		365C85DC26CB1EF500E37E86 /* TodoTable.swift in Sources */ = {isa = PBXBuildFile; fileRef = 365C85DB26CB1EF500E37E86 /* TodoTable.swift */; };
		365C85DE26CB1F6100E37E86 /* TabelaSample.swift in Sources */ = {isa = PBXBuildFile; fileRef = 365C85DD26CB1F6100E37E86 /* TabelaSample.swift */; };
		365C85E026CB220C00E37E86 /* FetchPosts.swift in Sources */ = {isa = PBXBuildFile; fileRef = 365C85DF26CB220C00E37E86 /* FetchPosts.swift */; };
		365C85E526CB22E500E37E86 /* TabelaPosts.swift in Sources */ = {isa = PBXBuildFile; fileRef = 365C85E426CB22E500E37E86 /* TabelaPosts.swift */; };
		36C4363826CB3A2000C04568 /* ToDoDetail.swift in Sources */ = {isa = PBXBuildFile; fileRef = 36C4363726CB3A2000C04568 /* ToDoDetail.swift */; };
		36C4363A26CB417900C04568 /* PostsDetail.swift in Sources */ = {isa = PBXBuildFile; fileRef = 36C4363926CB417900C04568 /* PostsDetail.swift */; };
		36ED18C326CAC6EF0038C641 /* DataTableExampleApp.swift in Sources */ = {isa = PBXBuildFile; fileRef = 36ED18C226CAC6EF0038C641 /* DataTableExampleApp.swift */; };
		36ED18C526CAC6EF0038C641 /* ContentView.swift in Sources */ = {isa = PBXBuildFile; fileRef = 36ED18C426CAC6EF0038C641 /* ContentView.swift */; };
		36ED18C726CAC6F30038C641 /* Assets.xcassets in Resources */ = {isa = PBXBuildFile; fileRef = 36ED18C626CAC6F30038C641 /* Assets.xcassets */; };
		36ED18CA26CAC6F40038C641 /* Preview Assets.xcassets in Resources */ = {isa = PBXBuildFile; fileRef = 36ED18C926CAC6F30038C641 /* Preview Assets.xcassets */; };
		36ED18D126CAD38C0038C641 /* DetalheTabela.swift in Sources */ = {isa = PBXBuildFile; fileRef = 36ED18D026CAD38C0038C641 /* DetalheTabela.swift */; };
/* End PBXBuildFile section */

/* Begin PBXFileReference section */
		365C85D126CAF2C200E37E86 /* CustomCell.swift */ = {isa = PBXFileReference; lastKnownFileType = sourcecode.swift; path = CustomCell.swift; sourceTree = "<group>"; };
		365C85D526CB1C1F00E37E86 /* PostsStruct.swift */ = {isa = PBXFileReference; lastKnownFileType = sourcecode.swift; path = PostsStruct.swift; sourceTree = "<group>"; };
		365C85D726CB1E6000E37E86 /* FetchToDo.swift */ = {isa = PBXFileReference; lastKnownFileType = sourcecode.swift; path = FetchToDo.swift; sourceTree = "<group>"; };
		365C85D926CB1E9800E37E86 /* TodoStruct.swift */ = {isa = PBXFileReference; lastKnownFileType = sourcecode.swift; path = TodoStruct.swift; sourceTree = "<group>"; };
		365C85DB26CB1EF500E37E86 /* TodoTable.swift */ = {isa = PBXFileReference; lastKnownFileType = sourcecode.swift; path = TodoTable.swift; sourceTree = "<group>"; };
		365C85DD26CB1F6100E37E86 /* TabelaSample.swift */ = {isa = PBXFileReference; lastKnownFileType = sourcecode.swift; path = TabelaSample.swift; sourceTree = "<group>"; };
		365C85DF26CB220C00E37E86 /* FetchPosts.swift */ = {isa = PBXFileReference; lastKnownFileType = sourcecode.swift; path = FetchPosts.swift; sourceTree = "<group>"; };
		365C85E426CB22E500E37E86 /* TabelaPosts.swift */ = {isa = PBXFileReference; lastKnownFileType = sourcecode.swift; path = TabelaPosts.swift; sourceTree = "<group>"; };
		36C4363726CB3A2000C04568 /* ToDoDetail.swift */ = {isa = PBXFileReference; lastKnownFileType = sourcecode.swift; path = ToDoDetail.swift; sourceTree = "<group>"; };
		36C4363926CB417900C04568 /* PostsDetail.swift */ = {isa = PBXFileReference; lastKnownFileType = sourcecode.swift; path = PostsDetail.swift; sourceTree = "<group>"; };
		36ED18BF26CAC6EF0038C641 /* DataTableExample.app */ = {isa = PBXFileReference; explicitFileType = wrapper.application; includeInIndex = 0; path = DataTableExample.app; sourceTree = BUILT_PRODUCTS_DIR; };
		36ED18C226CAC6EF0038C641 /* DataTableExampleApp.swift */ = {isa = PBXFileReference; lastKnownFileType = sourcecode.swift; path = DataTableExampleApp.swift; sourceTree = "<group>"; };
		36ED18C426CAC6EF0038C641 /* ContentView.swift */ = {isa = PBXFileReference; lastKnownFileType = sourcecode.swift; path = ContentView.swift; sourceTree = "<group>"; };
		36ED18C626CAC6F30038C641 /* Assets.xcassets */ = {isa = PBXFileReference; lastKnownFileType = folder.assetcatalog; path = Assets.xcassets; sourceTree = "<group>"; };
		36ED18C926CAC6F30038C641 /* Preview Assets.xcassets */ = {isa = PBXFileReference; lastKnownFileType = folder.assetcatalog; path = "Preview Assets.xcassets"; sourceTree = "<group>"; };
		36ED18D026CAD38C0038C641 /* DetalheTabela.swift */ = {isa = PBXFileReference; lastKnownFileType = sourcecode.swift; path = DetalheTabela.swift; sourceTree = "<group>"; };
/* End PBXFileReference section */

/* Begin PBXFrameworksBuildPhase section */
		36ED18BC26CAC6EF0038C641 /* Frameworks */ = {
			isa = PBXFrameworksBuildPhase;
			buildActionMask = 2147483647;
			files = (
			);
			runOnlyForDeploymentPostprocessing = 0;
		};
/* End PBXFrameworksBuildPhase section */

/* Begin PBXGroup section */
		365C85E126CB226500E37E86 /* Posts */ = {
			isa = PBXGroup;
			children = (
				365C85E426CB22E500E37E86 /* TabelaPosts.swift */,
				365C85D526CB1C1F00E37E86 /* PostsStruct.swift */,
				365C85DF26CB220C00E37E86 /* FetchPosts.swift */,
				36C4363926CB417900C04568 /* PostsDetail.swift */,
			);
			path = Posts;
			sourceTree = "<group>";
		};
		365C85E226CB227400E37E86 /* ToDo */ = {
			isa = PBXGroup;
			children = (
				365C85DB26CB1EF500E37E86 /* TodoTable.swift */,
				365C85D926CB1E9800E37E86 /* TodoStruct.swift */,
				365C85D726CB1E6000E37E86 /* FetchToDo.swift */,
				36C4363726CB3A2000C04568 /* ToDoDetail.swift */,
			);
			path = ToDo;
			sourceTree = "<group>";
		};
		365C85E326CB22BE00E37E86 /* Exemplos */ = {
			isa = PBXGroup;
			children = (
				365C85DD26CB1F6100E37E86 /* TabelaSample.swift */,
				36ED18D026CAD38C0038C641 /* DetalheTabela.swift */,
				365C85D126CAF2C200E37E86 /* CustomCell.swift */,
			);
			path = Exemplos;
			sourceTree = "<group>";
		};
		36ED18B626CAC6EF0038C641 = {
			isa = PBXGroup;
			children = (
				36ED18C126CAC6EF0038C641 /* DataTableExample */,
				36ED18C026CAC6EF0038C641 /* Products */,
			);
			sourceTree = "<group>";
		};
		36ED18C026CAC6EF0038C641 /* Products */ = {
			isa = PBXGroup;
			children = (
				36ED18BF26CAC6EF0038C641 /* DataTableExample.app */,
			);
			name = Products;
			sourceTree = "<group>";
		};
		36ED18C126CAC6EF0038C641 /* DataTableExample */ = {
			isa = PBXGroup;
			children = (
				36ED18C426CAC6EF0038C641 /* ContentView.swift */,
				36ED18C226CAC6EF0038C641 /* DataTableExampleApp.swift */,
				365C85E226CB227400E37E86 /* ToDo */,
				365C85E126CB226500E37E86 /* Posts */,
				365C85E326CB22BE00E37E86 /* Exemplos */,
				36ED18C626CAC6F30038C641 /* Assets.xcassets */,
				36ED18C826CAC6F30038C641 /* Preview Content */,
			);
			path = DataTableExample;
			sourceTree = "<group>";
		};
		36ED18C826CAC6F30038C641 /* Preview Content */ = {
			isa = PBXGroup;
			children = (
				36ED18C926CAC6F30038C641 /* Preview Assets.xcassets */,
			);
			path = "Preview Content";
			sourceTree = "<group>";
		};
/* End PBXGroup section */

/* Begin PBXNativeTarget section */
		36ED18BE26CAC6EF0038C641 /* DataTableExample */ = {
			isa = PBXNativeTarget;
			buildConfigurationList = 36ED18CD26CAC6F40038C641 /* Build configuration list for PBXNativeTarget "DataTableExample" */;
			buildPhases = (
				36ED18BB26CAC6EF0038C641 /* Sources */,
				36ED18BC26CAC6EF0038C641 /* Frameworks */,
				36ED18BD26CAC6EF0038C641 /* Resources */,
			);
			buildRules = (
			);
			dependencies = (
			);
			name = DataTableExample;
			productName = DataTableExample;
			productReference = 36ED18BF26CAC6EF0038C641 /* DataTableExample.app */;
			productType = "com.apple.product-type.application";
		};
/* End PBXNativeTarget section */

/* Begin PBXProject section */
		36ED18B726CAC6EF0038C641 /* Project object */ = {
			isa = PBXProject;
			attributes = {
				BuildIndependentTargetsInParallel = 1;
				LastSwiftUpdateCheck = 1300;
				LastUpgradeCheck = 1300;
				TargetAttributes = {
					36ED18BE26CAC6EF0038C641 = {
						CreatedOnToolsVersion = 13.0;
					};
				};
			};
			buildConfigurationList = 36ED18BA26CAC6EF0038C641 /* Build configuration list for PBXProject "DataTableExample" */;
			compatibilityVersion = "Xcode 13.0";
			developmentRegion = en;
			hasScannedForEncodings = 0;
			knownRegions = (
				en,
				Base,
			);
			mainGroup = 36ED18B626CAC6EF0038C641;
			productRefGroup = 36ED18C026CAC6EF0038C641 /* Products */;
			projectDirPath = "";
			projectRoot = "";
			targets = (
				36ED18BE26CAC6EF0038C641 /* DataTableExample */,
			);
		};
/* End PBXProject section */

/* Begin PBXResourcesBuildPhase section */
		36ED18BD26CAC6EF0038C641 /* Resources */ = {
			isa = PBXResourcesBuildPhase;
			buildActionMask = 2147483647;
			files = (
				36ED18CA26CAC6F40038C641 /* Preview Assets.xcassets in Resources */,
				36ED18C726CAC6F30038C641 /* Assets.xcassets in Resources */,
			);
			runOnlyForDeploymentPostprocessing = 0;
		};
/* End PBXResourcesBuildPhase section */

/* Begin PBXSourcesBuildPhase section */
		36ED18BB26CAC6EF0038C641 /* Sources */ = {
			isa = PBXSourcesBuildPhase;
			buildActionMask = 2147483647;
			files = (
				365C85DE26CB1F6100E37E86 /* TabelaSample.swift in Sources */,
				365C85DC26CB1EF500E37E86 /* TodoTable.swift in Sources */,
				36ED18D126CAD38C0038C641 /* DetalheTabela.swift in Sources */,
				36ED18C526CAC6EF0038C641 /* ContentView.swift in Sources */,
				365C85D626CB1C1F00E37E86 /* PostsStruct.swift in Sources */,
				36C4363A26CB417900C04568 /* PostsDetail.swift in Sources */,
				365C85D226CAF2C200E37E86 /* CustomCell.swift in Sources */,
				365C85E526CB22E500E37E86 /* TabelaPosts.swift in Sources */,
				365C85E026CB220C00E37E86 /* FetchPosts.swift in Sources */,
				36C4363826CB3A2000C04568 /* ToDoDetail.swift in Sources */,
				36ED18C326CAC6EF0038C641 /* DataTableExampleApp.swift in Sources */,
				365C85DA26CB1E9800E37E86 /* TodoStruct.swift in Sources */,
				365C85D826CB1E6000E37E86 /* FetchToDo.swift in Sources */,
			);
			runOnlyForDeploymentPostprocessing = 0;
		};
/* End PBXSourcesBuildPhase section */

/* Begin XCBuildConfiguration section */
		36ED18CB26CAC6F40038C641 /* Debug */ = {
			isa = XCBuildConfiguration;
			buildSettings = {
				ALWAYS_SEARCH_USER_PATHS = NO;
				CLANG_ANALYZER_NONNULL = YES;
				CLANG_ANALYZER_NUMBER_OBJECT_CONVERSION = YES_AGGRESSIVE;
				CLANG_CXX_LANGUAGE_STANDARD = "gnu++14";
				CLANG_CXX_LIBRARY = "libc++";
				CLANG_ENABLE_MODULES = YES;
				CLANG_ENABLE_OBJC_ARC = YES;
				CLANG_ENABLE_OBJC_WEAK = YES;
				CLANG_WARN_BLOCK_CAPTURE_AUTORELEASING = YES;
				CLANG_WARN_BOOL_CONVERSION = YES;
				CLANG_WARN_COMMA = YES;
				CLANG_WARN_CONSTANT_CONVERSION = YES;
				CLANG_WARN_DEPRECATED_OBJC_IMPLEMENTATIONS = YES;
				CLANG_WARN_DIRECT_OBJC_ISA_USAGE = YES_ERROR;
				CLANG_WARN_DOCUMENTATION_COMMENTS = YES;
				CLANG_WARN_EMPTY_BODY = YES;
				CLANG_WARN_ENUM_CONVERSION = YES;
				CLANG_WARN_INFINITE_RECURSION = YES;
				CLANG_WARN_INT_CONVERSION = YES;
				CLANG_WARN_NON_LITERAL_NULL_CONVERSION = YES;
				CLANG_WARN_OBJC_IMPLICIT_RETAIN_SELF = YES;
				CLANG_WARN_OBJC_LITERAL_CONVERSION = YES;
				CLANG_WARN_OBJC_ROOT_CLASS = YES_ERROR;
				CLANG_WARN_QUOTED_INCLUDE_IN_FRAMEWORK_HEADER = YES;
				CLANG_WARN_RANGE_LOOP_ANALYSIS = YES;
				CLANG_WARN_STRICT_PROTOTYPES = YES;
				CLANG_WARN_SUSPICIOUS_MOVE = YES;
				CLANG_WARN_UNGUARDED_AVAILABILITY = YES_AGGRESSIVE;
				CLANG_WARN_UNREACHABLE_CODE = YES;
				CLANG_WARN__DUPLICATE_METHOD_MATCH = YES;
				COPY_PHASE_STRIP = NO;
				DEBUG_INFORMATION_FORMAT = dwarf;
				ENABLE_STRICT_OBJC_MSGSEND = YES;
				ENABLE_TESTABILITY = YES;
				GCC_C_LANGUAGE_STANDARD = gnu11;
				GCC_DYNAMIC_NO_PIC = NO;
				GCC_NO_COMMON_BLOCKS = YES;
				GCC_OPTIMIZATION_LEVEL = 0;
				GCC_PREPROCESSOR_DEFINITIONS = (
					"DEBUG=1",
					"$(inherited)",
				);
				GCC_WARN_64_TO_32_BIT_CONVERSION = YES;
				GCC_WARN_ABOUT_RETURN_TYPE = YES_ERROR;
				GCC_WARN_UNDECLARED_SELECTOR = YES;
				GCC_WARN_UNINITIALIZED_AUTOS = YES_AGGRESSIVE;
				GCC_WARN_UNUSED_FUNCTION = YES;
				GCC_WARN_UNUSED_VARIABLE = YES;
				IPHONEOS_DEPLOYMENT_TARGET = 15.0;
				MTL_ENABLE_DEBUG_INFO = INCLUDE_SOURCE;
				MTL_FAST_MATH = YES;
				ONLY_ACTIVE_ARCH = YES;
				SDKROOT = iphoneos;
				SWIFT_ACTIVE_COMPILATION_CONDITIONS = DEBUG;
				SWIFT_OPTIMIZATION_LEVEL = "-Onone";
			};
			name = Debug;
		};
		36ED18CC26CAC6F40038C641 /* Release */ = {
			isa = XCBuildConfiguration;
			buildSettings = {
				ALWAYS_SEARCH_USER_PATHS = NO;
				CLANG_ANALYZER_NONNULL = YES;
				CLANG_ANALYZER_NUMBER_OBJECT_CONVERSION = YES_AGGRESSIVE;
				CLANG_CXX_LANGUAGE_STANDARD = "gnu++14";
				CLANG_CXX_LIBRARY = "libc++";
				CLANG_ENABLE_MODULES = YES;
				CLANG_ENABLE_OBJC_ARC = YES;
				CLANG_ENABLE_OBJC_WEAK = YES;
				CLANG_WARN_BLOCK_CAPTURE_AUTORELEASING = YES;
				CLANG_WARN_BOOL_CONVERSION = YES;
				CLANG_WARN_COMMA = YES;
				CLANG_WARN_CONSTANT_CONVERSION = YES;
				CLANG_WARN_DEPRECATED_OBJC_IMPLEMENTATIONS = YES;
				CLANG_WARN_DIRECT_OBJC_ISA_USAGE = YES_ERROR;
				CLANG_WARN_DOCUMENTATION_COMMENTS = YES;
				CLANG_WARN_EMPTY_BODY = YES;
				CLANG_WARN_ENUM_CONVERSION = YES;
				CLANG_WARN_INFINITE_RECURSION = YES;
				CLANG_WARN_INT_CONVERSION = YES;
				CLANG_WARN_NON_LITERAL_NULL_CONVERSION = YES;
				CLANG_WARN_OBJC_IMPLICIT_RETAIN_SELF = YES;
				CLANG_WARN_OBJC_LITERAL_CONVERSION = YES;
				CLANG_WARN_OBJC_ROOT_CLASS = YES_ERROR;
				CLANG_WARN_QUOTED_INCLUDE_IN_FRAMEWORK_HEADER = YES;
				CLANG_WARN_RANGE_LOOP_ANALYSIS = YES;
				CLANG_WARN_STRICT_PROTOTYPES = YES;
				CLANG_WARN_SUSPICIOUS_MOVE = YES;
				CLANG_WARN_UNGUARDED_AVAILABILITY = YES_AGGRESSIVE;
				CLANG_WARN_UNREACHABLE_CODE = YES;
				CLANG_WARN__DUPLICATE_METHOD_MATCH = YES;
				COPY_PHASE_STRIP = NO;
				DEBUG_INFORMATION_FORMAT = "dwarf-with-dsym";
				ENABLE_NS_ASSERTIONS = NO;
				ENABLE_STRICT_OBJC_MSGSEND = YES;
				GCC_C_LANGUAGE_STANDARD = gnu11;
				GCC_NO_COMMON_BLOCKS = YES;
				GCC_WARN_64_TO_32_BIT_CONVERSION = YES;
				GCC_WARN_ABOUT_RETURN_TYPE = YES_ERROR;
				GCC_WARN_UNDECLARED_SELECTOR = YES;
				GCC_WARN_UNINITIALIZED_AUTOS = YES_AGGRESSIVE;
				GCC_WARN_UNUSED_FUNCTION = YES;
				GCC_WARN_UNUSED_VARIABLE = YES;
				IPHONEOS_DEPLOYMENT_TARGET = 15.0;
				MTL_ENABLE_DEBUG_INFO = NO;
				MTL_FAST_MATH = YES;
				SDKROOT = iphoneos;
				SWIFT_COMPILATION_MODE = wholemodule;
				SWIFT_OPTIMIZATION_LEVEL = "-O";
				VALIDATE_PRODUCT = YES;
			};
			name = Release;
		};
		36ED18CE26CAC6F40038C641 /* Debug */ = {
			isa = XCBuildConfiguration;
			buildSettings = {
				ASSETCATALOG_COMPILER_APPICON_NAME = AppIcon;
				ASSETCATALOG_COMPILER_GLOBAL_ACCENT_COLOR_NAME = AccentColor;
				CODE_SIGN_STYLE = Automatic;
				CURRENT_PROJECT_VERSION = 1;
				DEVELOPMENT_ASSET_PATHS = "\"DataTableExample/Preview Content\"";
				DEVELOPMENT_TEAM = 8DN7URG34T;
				ENABLE_PREVIEWS = YES;
				GENERATE_INFOPLIST_FILE = YES;
				INFOPLIST_KEY_UIApplicationSceneManifest_Generation = YES;
				INFOPLIST_KEY_UIApplicationSupportsIndirectInputEvents = YES;
				INFOPLIST_KEY_UILaunchScreen_Generation = YES;
				INFOPLIST_KEY_UISupportedInterfaceOrientations_iPad = "UIInterfaceOrientationPortrait UIInterfaceOrientationPortraitUpsideDown UIInterfaceOrientationLandscapeLeft UIInterfaceOrientationLandscapeRight";
				INFOPLIST_KEY_UISupportedInterfaceOrientations_iPhone = "UIInterfaceOrientationPortrait UIInterfaceOrientationLandscapeLeft UIInterfaceOrientationLandscapeRight";
				IPHONEOS_DEPLOYMENT_TARGET = 15.0;
				LD_RUNPATH_SEARCH_PATHS = (
					"$(inherited)",
					"@executable_path/Frameworks",
				);
				MARKETING_VERSION = 1.0;
				PRODUCT_BUNDLE_IDENTIFIER = com.rhinosistemas.DataTableExample;
				PRODUCT_NAME = "$(TARGET_NAME)";
				SWIFT_EMIT_LOC_STRINGS = YES;
				SWIFT_VERSION = 5.0;
				TARGETED_DEVICE_FAMILY = "1,2";
			};
			name = Debug;
		};
		36ED18CF26CAC6F40038C641 /* Release */ = {
			isa = XCBuildConfiguration;
			buildSettings = {
				ASSETCATALOG_COMPILER_APPICON_NAME = AppIcon;
				ASSETCATALOG_COMPILER_GLOBAL_ACCENT_COLOR_NAME = AccentColor;
				CODE_SIGN_STYLE = Automatic;
				CURRENT_PROJECT_VERSION = 1;
				DEVELOPMENT_ASSET_PATHS = "\"DataTableExample/Preview Content\"";
				DEVELOPMENT_TEAM = 8DN7URG34T;
				ENABLE_PREVIEWS = YES;
				GENERATE_INFOPLIST_FILE = YES;
				INFOPLIST_KEY_UIApplicationSceneManifest_Generation = YES;
				INFOPLIST_KEY_UIApplicationSupportsIndirectInputEvents = YES;
				INFOPLIST_KEY_UILaunchScreen_Generation = YES;
				INFOPLIST_KEY_UISupportedInterfaceOrientations_iPad = "UIInterfaceOrientationPortrait UIInterfaceOrientationPortraitUpsideDown UIInterfaceOrientationLandscapeLeft UIInterfaceOrientationLandscapeRight";
				INFOPLIST_KEY_UISupportedInterfaceOrientations_iPhone = "UIInterfaceOrientationPortrait UIInterfaceOrientationLandscapeLeft UIInterfaceOrientationLandscapeRight";
				IPHONEOS_DEPLOYMENT_TARGET = 15.0;
				LD_RUNPATH_SEARCH_PATHS = (
					"$(inherited)",
					"@executable_path/Frameworks",
				);
				MARKETING_VERSION = 1.0;
				PRODUCT_BUNDLE_IDENTIFIER = com.rhinosistemas.DataTableExample;
				PRODUCT_NAME = "$(TARGET_NAME)";
				SWIFT_EMIT_LOC_STRINGS = YES;
				SWIFT_VERSION = 5.0;
				TARGETED_DEVICE_FAMILY = "1,2";
			};
			name = Release;
		};
/* End XCBuildConfiguration section */

/* Begin XCConfigurationList section */
		36ED18BA26CAC6EF0038C641 /* Build configuration list for PBXProject "DataTableExample" */ = {
			isa = XCConfigurationList;
			buildConfigurations = (
				36ED18CB26CAC6F40038C641 /* Debug */,
				36ED18CC26CAC6F40038C641 /* Release */,
			);
			defaultConfigurationIsVisible = 0;
			defaultConfigurationName = Release;
		};
		36ED18CD26CAC6F40038C641 /* Build configuration list for PBXNativeTarget "DataTableExample" */ = {
			isa = XCConfigurationList;
			buildConfigurations = (
				36ED18CE26CAC6F40038C641 /* Debug */,
				36ED18CF26CAC6F40038C641 /* Release */,
			);
			defaultConfigurationIsVisible = 0;
			defaultConfigurationName = Release;
		};
/* End XCConfigurationList section */
	};
	rootObject = 36ED18B726CAC6EF0038C641 /* Project object */;
}
